# @generated - this file is auto-generated by `mise lock` https://mise.jdx.dev/dev-tools/mise-lock.html

[[tools.age]]
version = "1.3.1"
backend = "aqua:FiloSottile/age"

[tools.age."platforms.linux-arm64"]
checksum = "sha256:c6878a324421b69e3e20b00ba17c04bc5c6dab0030cfe55bf8f68fa8d9e9093a"
url = "https://github.com/FiloSottile/age/releases/download/v1.3.1/age-v1.3.1-linux-arm64.tar.gz"
url_api = "https://api.github.com/repos/FiloSottile/age/releases/assets/333752668"
provenance = "github-attestations"

[tools.age."platforms.linux-arm64-musl"]
checksum = "sha256:c6878a324421b69e3e20b00ba17c04bc5c6dab0030cfe55bf8f68fa8d9e9093a"
url = "https://github.com/FiloSottile/age/releases/download/v1.3.1/age-v1.3.1-linux-arm64.tar.gz"
url_api = "https://api.github.com/repos/FiloSottile/age/releases/assets/333752668"
provenance = "github-attestations"

[tools.age."platforms.linux-x64"]
checksum = "sha256:bdc69c09cbdd6cf8b1f333d372a1f58247b3a33146406333e30c0f26e8f51377"
url = "https://github.com/FiloSottile/age/releases/download/v1.3.1/age-v1.3.1-linux-amd64.tar.gz"
url_api = "https://api.github.com/repos/FiloSottile/age/releases/assets/333752671"
provenance = "github-attestations"

[tools.age."platforms.linux-x64-musl"]
checksum = "sha256:bdc69c09cbdd6cf8b1f333d372a1f58247b3a33146406333e30c0f26e8f51377"
url = "https://github.com/FiloSottile/age/releases/download/v1.3.1/age-v1.3.1-linux-amd64.tar.gz"
url_api = "https://api.github.com/repos/FiloSottile/age/releases/assets/333752671"
provenance = "github-attestations"

[tools.age."platforms.macos-arm64"]
checksum = "sha256:01120ea2cbf0463d4c6bd767f99f3271bbed1cdc8a9aa718a76ba1fe4f01998b"
url = "https://github.com/FiloSottile/age/releases/download/v1.3.1/age-v1.3.1-darwin-arm64.tar.gz"
url_api = "https://api.github.com/repos/FiloSottile/age/releases/assets/333752669"
provenance = "github-attestations"

[tools.age."platforms.macos-x64"]
checksum = "sha256:2b233301ad21ab7b1eabd9ae1198a164005fa4928fcdd745d47c39f8593209d7"
url = "https://github.com/FiloSottile/age/releases/download/v1.3.1/age-v1.3.1-darwin-amd64.tar.gz"
url_api = "https://api.github.com/repos/FiloSottile/age/releases/assets/343881260"
provenance = "github-attestations"

[tools.age."platforms.windows-x64"]
checksum = "sha256:c56e8ce22f7e80cb85ad946cc82d198767b056366201d3e1a2b93d865be38154"
url = "https://github.com/FiloSottile/age/releases/download/v1.3.1/age-v1.3.1-windows-amd64.zip"
url_api = "https://api.github.com/repos/FiloSottile/age/releases/assets/333752673"
provenance = "github-attestations"

[[tools."aqua:openai/tart"]]
version = "2.35.0"
backend = "aqua:openai/tart"

[tools."aqua:openai/tart"."platforms.macos-arm64"]
checksum = "sha256:60c4df330c83f68f39fa0ab4d58d07c3d0728546f26280d607041cb5a0fea7df"
url = "https://github.com/openai/tart/releases/download/2.35.0/tart.tar.gz"
url_api = "https://api.github.com/repos/openai/tart/releases/assets/501687457"

[tools."aqua:openai/tart"."platforms.macos-x64"]
checksum = "sha256:60c4df330c83f68f39fa0ab4d58d07c3d0728546f26280d607041cb5a0fea7df"
url = "https://github.com/openai/tart/releases/download/2.35.0/tart.tar.gz"
url_api = "https://api.github.com/repos/openai/tart/releases/assets/501687457"

[[tools.deno]]
version = "2.9.3"
backend = "core:deno"

[tools.deno."platforms.linux-arm64"]
checksum = "sha256:1a9b610fb536ac72ded978a2bec9d8bc2af96365709bea10ba02e617b1410133"
url = "https://dl.deno.land/release/v2.9.3/deno-aarch64-unknown-linux-gnu.zip"

[tools.deno."platforms.linux-arm64-musl"]
checksum = "sha256:1a9b610fb536ac72ded978a2bec9d8bc2af96365709bea10ba02e617b1410133"
url = "https://dl.deno.land/release/v2.9.3/deno-aarch64-unknown-linux-gnu.zip"

[tools.deno."platforms.linux-x64"]
checksum = "sha256:c4b10edac3e33cba510bd0e5783526d753a148071a9f0e86c693ea48b50512f2"
url = "https://dl.deno.land/release/v2.9.3/deno-x86_64-unknown-linux-gnu.zip"

[tools.deno."platforms.linux-x64-musl"]
checksum = "sha256:c4b10edac3e33cba510bd0e5783526d753a148071a9f0e86c693ea48b50512f2"
url = "https://dl.deno.land/release/v2.9.3/deno-x86_64-unknown-linux-gnu.zip"

[tools.deno."platforms.macos-arm64"]
checksum = "sha256:fecdfd2f962061c796eda4ce4c5753fdec33cdea4af4b5d1c513cf68f4e98955"
url = "https://dl.deno.land/release/v2.9.3/deno-aarch64-apple-darwin.zip"

[tools.deno."platforms.macos-x64"]
checksum = "sha256:03d9afd3e950cb56f4da221bd447c8ea0bd99967a6a428ae887c4bd1d8a5f516"
url = "https://dl.deno.land/release/v2.9.3/deno-x86_64-apple-darwin.zip"

[tools.deno."platforms.windows-x64"]
checksum = "sha256:5cf26da4e823b9a925220b57b25787d3b8a33729dd8e3d37681fcb57050f0050"
url = "https://dl.deno.land/release/v2.9.3/deno-x86_64-pc-windows-msvc.zip"
