[[tools.age]]
version = "1.2.1"
backend = "aqua:FiloSottile/age"

[tools.age.platforms.windows-x64]
checksum = "blake3:ccc4221a625902a7e54e583c3f5f23c7bd9ea76d688e7c21733e5a196d7990ce"
size = 5526045
url = "https://github.com/FiloSottile/age/releases/download/v1.2.1/age-v1.2.1-windows-amd64.zip"

[[tools."aqua:nushell/nushell"]]
version = "0.107.0"
backend = "aqua:nushell/nushell"

[[tools.bat]]
version = "0.25.0"
backend = "aqua:sharkdp/bat"

[tools.bat.platforms.windows-x64]
checksum = "blake3:7bc5a453cec7e352be788effb06e2f37cf13af57cecc6bd62031313c842d0e65"
size = 3339506
url = "https://github.com/sharkdp/bat/releases/download/v0.25.0/bat-v0.25.0-x86_64-pc-windows-msvc.zip"

[[tools.bun]]
version = "1.2.22"
backend = "core:bun"

[tools.bun.platforms.windows-x64]
checksum = "blake3:a03fdbbc1ba6d3f39607d1c5065629792eeed1e56489e215858e3d527793c760"
size = 41490511

[[tools.carapace]]
version = "1.5.0"
backend = "aqua:carapace-sh/carapace-bin"

[tools.carapace.platforms.windows-x64]
checksum = "sha256:4d23b0659705c49c7a7bdec0e9991712a5a2b38542a76c4c2c096d3681bf8a00"
size = 14054502
url = "https://github.com/carapace-sh/carapace-bin/releases/download/v1.5.0/carapace-bin_1.5.0_windows_amd64.zip"

[[tools.claude]]
version = "1.0.120"
backend = "npm:@anthropic-ai/claude-code"

[[tools.deno]]
version = "2.5.1"
backend = "core:deno"

[tools.deno.platforms.windows-x64]
checksum = "blake3:69f86aa5943ad338a0cae4b2ca7a045017b1692042196117bb0ab58b8ca6c165"
size = 45151703

[[tools.dotslash]]
version = "0.5.8"
backend = "github:facebook/dotslash"

[[tools.fzf]]
version = "0.65.2"
backend = "aqua:junegunn/fzf"

[[tools.github-cli]]
version = "2.79.0"
backend = "aqua:cli/cli"

[tools.github-cli.platforms.windows-x64]
checksum = "sha256:0372db012e22db3d737ed592ed49b72fdcd47b46d7e9d7e75476410337bd278d"
size = 18173374
url = "https://github.com/cli/cli/releases/download/v2.79.0/gh_2.79.0_windows_amd64.zip"

[[tools.helix]]
version = "25.07.1"
backend = "aqua:helix-editor/helix"

[[tools."http:gitpod-cli"]]
version = "stable"
backend = "http:gitpod-cli"

[tools."http:gitpod-cli".platforms.windows-x64]
checksum = "blake3:34459bcf014370b7ed3cfc8c939921692d5222cc715362a9c0efc6d2ff044deb"
size = 43980288
url = "https://releases.gitpod.io/cli/stable/gitpod-windows-amd64.exe"

[[tools.restic]]
version = "0.18.0"
backend = "aqua:restic/restic"

[[tools.ripgrep]]
version = "14.1.1"
backend = "aqua:BurntSushi/ripgrep"

[tools.ripgrep.platforms.windows-x64]
checksum = "blake3:a8ce1a6fed4f8093ee997e57f33254e94b2cd18e26358b09db599c89882eadbd"
size = 2058893
url = "https://github.com/BurntSushi/ripgrep/releases/download/14.1.1/ripgrep-14.1.1-x86_64-pc-windows-msvc.zip"

[[tools.starship]]
version = "1.23.0"
backend = "aqua:starship/starship"

[[tools.taplo]]
version = "0.10.0"
backend = "aqua:tamasfe/taplo"

[[tools."ubi:open-source-cooperative/keyring-rs"]]
version = "3.6.3-republish"
backend = "ubi:open-source-cooperative/keyring-rs"

[[tools.zellij]]
version = "0.43.1"
backend = "aqua:zellij-org/zellij"

[[tools.zoxide]]
version = "0.9.8"
backend = "aqua:ajeetdsouza/zoxide"
